
Microsoft Visual Studio Solution File, Format Version 12.00
# Visual Studio Version 17
VisualStudioVersion = 17.3.32929.385
MinimumVisualStudioVersion = 10.0.40219.1
Project("{FAE04EC0-301F-11D3-BF4B-00C04F79EFBC}") = "ConsoleApp1", "ConsoleApp1\ConsoleApp1.csproj", "{A2280981-91FB-480F-929C-5DABA369F5FF}"
EndProject
Global
	GlobalSection(SolutionConfigurationPlatforms) = preSolution
		Debug|Any CPU = Debug|Any CPU
		Release|Any CPU = Release|Any CPU
	EndGlobalSection
	GlobalSection(ProjectConfigurationPlatforms) = postSolution
		{A2280981-91FB-480F-929C-5DABA369F5FF}.Debug|Any CPU.ActiveCfg = Debug|Any CPU
		{A2280981-91FB-480F-929C-5DABA369F5FF}.Debug|Any CPU.Build.0 = Debug|Any CPU
		{A2280981-91FB-480F-929C-5DABA369F5FF}.Release|Any CPU.ActiveCfg = Release|Any CPU
		{A2280981-91FB-480F-929C-5DABA369F5FF}.Release|Any CPU.Build.0 = Release|Any CPU
	EndGlobalSection
	GlobalSection(SolutionProperties) = preSolution
		HideSolutionNode = FALSE
	EndGlobalSection
	GlobalSection(ExtensibilityGlobals) = postSolution
		SolutionGuid = {AB46FDAA-ADE3-4BEC-9C5A-10508E8FACF0}
	EndGlobalSection
EndGlobal
